
Microsoft Visual Studio Solution File, Format Version 11.00
# Visual Studio 2010
Project("{FAE04EC0-301F-11D3-BF4B-00C04F79EFBC}") = "SW_VR", "Assembly-CSharp.csproj", "{DC88328E-C2D1-E969-24E0-AA262ACA7260}"
EndProject
Project("{FAE04EC0-301F-11D3-BF4B-00C04F79EFBC}") = "SW_VR", "Assembly-CSharp-Editor.csproj", "{6399C3A8-65E5-0839-3017-7FE5F1ADC794}"
EndProject
Global
	GlobalSection(SolutionConfigurationPlatforms) = preSolution
		Debug|Any CPU = Debug|Any CPU
		Release|Any CPU = Release|Any CPU
	EndGlobalSection
	GlobalSection(ProjectConfigurationPlatforms) = postSolution
		{DC88328E-C2D1-E969-24E0-AA262ACA7260}.Debug|Any CPU.ActiveCfg = Debug|Any CPU
		{DC88328E-C2D1-E969-24E0-AA262ACA7260}.Debug|Any CPU.Build.0 = Debug|Any CPU
		{DC88328E-C2D1-E969-24E0-AA262ACA7260}.Release|Any CPU.ActiveCfg = Release|Any CPU
		{DC88328E-C2D1-E969-24E0-AA262ACA7260}.Release|Any CPU.Build.0 = Release|Any CPU
		{6399C3A8-65E5-0839-3017-7FE5F1ADC794}.Debug|Any CPU.ActiveCfg = Debug|Any CPU
		{6399C3A8-65E5-0839-3017-7FE5F1ADC794}.Debug|Any CPU.Build.0 = Debug|Any CPU
		{6399C3A8-65E5-0839-3017-7FE5F1ADC794}.Release|Any CPU.ActiveCfg = Release|Any CPU
		{6399C3A8-65E5-0839-3017-7FE5F1ADC794}.Release|Any CPU.Build.0 = Release|Any CPU
	EndGlobalSection
	GlobalSection(SolutionProperties) = preSolution
		HideSolutionNode = FALSE
	EndGlobalSection
	GlobalSection(MonoDevelopProperties) = preSolution
		StartupItem = Assembly-CSharp.csproj
	EndGlobalSection
EndGlobal
